
Microsoft Visual Studio Solution File, Format Version 12.00
# Visual Studio Version 16
VisualStudioVersion = 16.0.30225.117
MinimumVisualStudioVersion = 10.0.40219.1
Project("{FAE04EC0-301F-11D3-BF4B-00C04F79EFBC}") = "Calculate", "Calculate\Calculate.csproj", "{DCE94A7E-955A-4B87-A9AC-A641C3A99777}"
EndProject
Project("{FAE04EC0-301F-11D3-BF4B-00C04F79EFBC}") = "CalculateTests", "CalculateTests\CalculateTests.csproj", "{DAA7E1F3-40A6-4B17-A63A-719976305B2C}"
EndProject
Global
	GlobalSection(SolutionConfigurationPlatforms) = preSolution
		Debug|Any CPU = Debug|Any CPU
		Release|Any CPU = Release|Any CPU
	EndGlobalSection
	GlobalSection(ProjectConfigurationPlatforms) = postSolution
		{DCE94A7E-955A-4B87-A9AC-A641C3A99777}.Debug|Any CPU.ActiveCfg = Debug|Any CPU
		{DCE94A7E-955A-4B87-A9AC-A641C3A99777}.Debug|Any CPU.Build.0 = Debug|Any CPU
		{DCE94A7E-955A-4B87-A9AC-A641C3A99777}.Release|Any CPU.ActiveCfg = Release|Any CPU
		{DCE94A7E-955A-4B87-A9AC-A641C3A99777}.Release|Any CPU.Build.0 = Release|Any CPU
		{DAA7E1F3-40A6-4B17-A63A-719976305B2C}.Debug|Any CPU.ActiveCfg = Debug|Any CPU
		{DAA7E1F3-40A6-4B17-A63A-719976305B2C}.Debug|Any CPU.Build.0 = Debug|Any CPU
		{DAA7E1F3-40A6-4B17-A63A-719976305B2C}.Release|Any CPU.ActiveCfg = Release|Any CPU
		{DAA7E1F3-40A6-4B17-A63A-719976305B2C}.Release|Any CPU.Build.0 = Release|Any CPU
	EndGlobalSection
	GlobalSection(SolutionProperties) = preSolution
		HideSolutionNode = FALSE
	EndGlobalSection
	GlobalSection(ExtensibilityGlobals) = postSolution
		SolutionGuid = {5F8C5BDF-3828-4E16-9014-203F29ED0ED5}
	EndGlobalSection
EndGlobal
