
Microsoft Visual Studio Solution File, Format Version 12.00
# Visual Studio Version 16
VisualStudioVersion = 16.0.30225.117
MinimumVisualStudioVersion = 10.0.40219.1
Project("{FAE04EC0-301F-11D3-BF4B-00C04F79EFBC}") = "QueueCollection", "QueueCollection\QueueCollection.csproj", "{B37888BF-0E24-47FA-854E-226D3E7EA958}"
EndProject
Global
	GlobalSection(SolutionConfigurationPlatforms) = preSolution
		Debug|Any CPU = Debug|Any CPU
		Release|Any CPU = Release|Any CPU
	EndGlobalSection
	GlobalSection(ProjectConfigurationPlatforms) = postSolution
		{B37888BF-0E24-47FA-854E-226D3E7EA958}.Debug|Any CPU.ActiveCfg = Debug|Any CPU
		{B37888BF-0E24-47FA-854E-226D3E7EA958}.Debug|Any CPU.Build.0 = Debug|Any CPU
		{B37888BF-0E24-47FA-854E-226D3E7EA958}.Release|Any CPU.ActiveCfg = Release|Any CPU
		{B37888BF-0E24-47FA-854E-226D3E7EA958}.Release|Any CPU.Build.0 = Release|Any CPU
	EndGlobalSection
	GlobalSection(SolutionProperties) = preSolution
		HideSolutionNode = FALSE
	EndGlobalSection
	GlobalSection(ExtensibilityGlobals) = postSolution
		SolutionGuid = {50795D5D-D30D-4302-94F2-11C1A20BADBC}
	EndGlobalSection
EndGlobal
