
Microsoft Visual Studio Solution File, Format Version 12.00
# Visual Studio Version 16
VisualStudioVersion = 16.0.30225.117
MinimumVisualStudioVersion = 10.0.40219.1
Project("{9A19103F-16F7-4668-BE54-9A1E7A4F7556}") = "BinarySearchPart1", "BinarySearchPart1\BinarySearchPart1.csproj", "{22113C03-7CD7-425E-ADD7-0585A253979C}"
EndProject
Project("{FAE04EC0-301F-11D3-BF4B-00C04F79EFBC}") = "BinarySearchPart1Tests", "BinarySearchPart1Tests\BinarySearchPart1Tests.csproj", "{9103F5E8-6E81-49A7-B973-8E9E3D9A2E4A}"
EndProject
Global
	GlobalSection(SolutionConfigurationPlatforms) = preSolution
		Debug|Any CPU = Debug|Any CPU
		Release|Any CPU = Release|Any CPU
	EndGlobalSection
	GlobalSection(ProjectConfigurationPlatforms) = postSolution
		{22113C03-7CD7-425E-ADD7-0585A253979C}.Debug|Any CPU.ActiveCfg = Debug|Any CPU
		{22113C03-7CD7-425E-ADD7-0585A253979C}.Debug|Any CPU.Build.0 = Debug|Any CPU
		{22113C03-7CD7-425E-ADD7-0585A253979C}.Release|Any CPU.ActiveCfg = Release|Any CPU
		{22113C03-7CD7-425E-ADD7-0585A253979C}.Release|Any CPU.Build.0 = Release|Any CPU
		{9103F5E8-6E81-49A7-B973-8E9E3D9A2E4A}.Debug|Any CPU.ActiveCfg = Debug|Any CPU
		{9103F5E8-6E81-49A7-B973-8E9E3D9A2E4A}.Debug|Any CPU.Build.0 = Debug|Any CPU
		{9103F5E8-6E81-49A7-B973-8E9E3D9A2E4A}.Release|Any CPU.ActiveCfg = Release|Any CPU
		{9103F5E8-6E81-49A7-B973-8E9E3D9A2E4A}.Release|Any CPU.Build.0 = Release|Any CPU
	EndGlobalSection
	GlobalSection(SolutionProperties) = preSolution
		HideSolutionNode = FALSE
	EndGlobalSection
	GlobalSection(ExtensibilityGlobals) = postSolution
		SolutionGuid = {B282E744-3F47-4ABF-B965-9A81DC9019D9}
	EndGlobalSection
EndGlobal
